// !$*UTF8*$!
{
	archiveVersion = 1;
	classes = {
	};
	objectVersion = 46;
	objects = {

/* Begin PBXBuildFile section */
		2E397F691D27618C00693826 /* AppDelegate.swift in Sources */ = {isa = PBXBuildFile; fileRef = 2E397F681D27618C00693826 /* AppDelegate.swift */; };
		2E397F6E1D27618C00693826 /* Main.storyboard in Resources */ = {isa = PBXBuildFile; fileRef = 2E397F6C1D27618C00693826 /* Main.storyboard */; };
		2E397F701D27618C00693826 /* Assets.xcassets in Resources */ = {isa = PBXBuildFile; fileRef = 2E397F6F1D27618C00693826 /* Assets.xcassets */; };
		2E397F731D27618C00693826 /* LaunchScreen.storyboard in Resources */ = {isa = PBXBuildFile; fileRef = 2E397F711D27618C00693826 /* LaunchScreen.storyboard */; };
		2E397F7E1D27618C00693826 /* NavigationControllerTests.swift in Sources */ = {isa = PBXBuildFile; fileRef = 2E397F7D1D27618C00693826 /* NavigationControllerTests.swift */; };
		2E397F891D27618C00693826 /* NavigationControllerUITests.swift in Sources */ = {isa = PBXBuildFile; fileRef = 2E397F881D27618C00693826 /* NavigationControllerUITests.swift */; };
		2E397F971D27632500693826 /* RootTableViewController.swift in Sources */ = {isa = PBXBuildFile; fileRef = 2E397F961D27632500693826 /* RootTableViewController.swift */; };
		2E397F991D2764F300693826 /* data.plist in Resources */ = {isa = PBXBuildFile; fileRef = 2E397F981D2764F300693826 /* data.plist */; };
		2E397F9F1D27730800693826 /* ContentViewController.swift in Sources */ = {isa = PBXBuildFile; fileRef = 2E397F9E1D27730800693826 /* ContentViewController.swift */; };
/* End PBXBuildFile section */

/* Begin PBXContainerItemProxy section */
		2E397F7A1D27618C00693826 /* PBXContainerItemProxy */ = {
			isa = PBXContainerItemProxy;
			containerPortal = 2E397F5D1D27618C00693826 /* Project object */;
			proxyType = 1;
			remoteGlobalIDString = 2E397F641D27618C00693826;
			remoteInfo = NavigationController;
		};
		2E397F851D27618C00693826 /* PBXContainerItemProxy */ = {
			isa = PBXContainerItemProxy;
			containerPortal = 2E397F5D1D27618C00693826 /* Project object */;
			proxyType = 1;
			remoteGlobalIDString = 2E397F641D27618C00693826;
			remoteInfo = NavigationController;
		};
/* End PBXContainerItemProxy section */

/* Begin PBXFileReference section */
		2E397F651D27618C00693826 /* NavigationController.app */ = {isa = PBXFileReference; explicitFileType = wrapper.application; includeInIndex = 0; path = NavigationController.app; sourceTree = BUILT_PRODUCTS_DIR; };
		2E397F681D27618C00693826 /* AppDelegate.swift */ = {isa = PBXFileReference; lastKnownFileType = sourcecode.swift; path = AppDelegate.swift; sourceTree = "<group>"; };
		2E397F6D1D27618C00693826 /* Base */ = {isa = PBXFileReference; lastKnownFileType = file.storyboard; name = Base; path = Base.lproj/Main.storyboard; sourceTree = "<group>"; };
		2E397F6F1D27618C00693826 /* Assets.xcassets */ = {isa = PBXFileReference; lastKnownFileType = folder.assetcatalog; path = Assets.xcassets; sourceTree = "<group>"; };
		2E397F721D27618C00693826 /* Base */ = {isa = PBXFileReference; lastKnownFileType = file.storyboard; name = Base; path = Base.lproj/LaunchScreen.storyboard; sourceTree = "<group>"; };
		2E397F741D27618C00693826 /* Info.plist */ = {isa = PBXFileReference; lastKnownFileType = text.plist.xml; path = Info.plist; sourceTree = "<group>"; };
		2E397F791D27618C00693826 /* NavigationControllerTests.xctest */ = {isa = PBXFileReference; explicitFileType = wrapper.cfbundle; includeInIndex = 0; path = NavigationControllerTests.xctest; sourceTree = BUILT_PRODUCTS_DIR; };
		2E397F7D1D27618C00693826 /* NavigationControllerTests.swift */ = {isa = PBXFileReference; lastKnownFileType = sourcecode.swift; path = NavigationControllerTests.swift; sourceTree = "<group>"; };
		2E397F7F1D27618C00693826 /* Info.plist */ = {isa = PBXFileReference; lastKnownFileType = text.plist.xml; path = Info.plist; sourceTree = "<group>"; };
		2E397F841D27618C00693826 /* NavigationControllerUITests.xctest */ = {isa = PBXFileReference; explicitFileType = wrapper.cfbundle; includeInIndex = 0; path = NavigationControllerUITests.xctest; sourceTree = BUILT_PRODUCTS_DIR; };
		2E397F881D27618C00693826 /* NavigationControllerUITests.swift */ = {isa = PBXFileReference; lastKnownFileType = sourcecode.swift; path = NavigationControllerUITests.swift; sourceTree = "<group>"; };
		2E397F8A1D27618C00693826 /* Info.plist */ = {isa = PBXFileReference; lastKnownFileType = text.plist.xml; path = Info.plist; sourceTree = "<group>"; };
		2E397F961D27632500693826 /* RootTableViewController.swift */ = {isa = PBXFileReference; fileEncoding = 4; lastKnownFileType = sourcecode.swift; path = RootTableViewController.swift; sourceTree = "<group>"; };
		2E397F981D2764F300693826 /* data.plist */ = {isa = PBXFileReference; fileEncoding = 4; lastKnownFileType = text.plist.xml; path = data.plist; sourceTree = "<group>"; };
		2E397F9E1D27730800693826 /* ContentViewController.swift */ = {isa = PBXFileReference; fileEncoding = 4; lastKnownFileType = sourcecode.swift; path = ContentViewController.swift; sourceTree = "<group>"; };
/* End PBXFileReference section */

/* Begin PBXFrameworksBuildPhase section */
		2E397F621D27618C00693826 /* Frameworks */ = {
			isa = PBXFrameworksBuildPhase;
			buildActionMask = 2147483647;
			files = (
			);
			runOnlyForDeploymentPostprocessing = 0;
		};
		2E397F761D27618C00693826 /* Frameworks */ = {
			isa = PBXFrameworksBuildPhase;
			buildActionMask = 2147483647;
			files = (
			);
			runOnlyForDeploymentPostprocessing = 0;
		};
		2E397F811D27618C00693826 /* Frameworks */ = {
			isa = PBXFrameworksBuildPhase;
			buildActionMask = 2147483647;
			files = (
			);
			runOnlyForDeploymentPostprocessing = 0;
		};
/* End PBXFrameworksBuildPhase section */

/* Begin PBXGroup section */
		2E397F5C1D27618C00693826 = {
			isa = PBXGroup;
			children = (
				2E397F671D27618C00693826 /* NavigationController */,
				2E397F7C1D27618C00693826 /* NavigationControllerTests */,
				2E397F871D27618C00693826 /* NavigationControllerUITests */,
				2E397F661D27618C00693826 /* Products */,
			);
			sourceTree = "<group>";
		};
		2E397F661D27618C00693826 /* Products */ = {
			isa = PBXGroup;
			children = (
				2E397F651D27618C00693826 /* NavigationController.app */,
				2E397F791D27618C00693826 /* NavigationControllerTests.xctest */,
				2E397F841D27618C00693826 /* NavigationControllerUITests.xctest */,
			);
			name = Products;
			sourceTree = "<group>";
		};
		2E397F671D27618C00693826 /* NavigationController */ = {
			isa = PBXGroup;
			children = (
				2E397FA01D27733B00693826 /* src */,
				2E397F6C1D27618C00693826 /* Main.storyboard */,
				2E397F6F1D27618C00693826 /* Assets.xcassets */,
				2E397F711D27618C00693826 /* LaunchScreen.storyboard */,
				2E397F741D27618C00693826 /* Info.plist */,
				2E397F981D2764F300693826 /* data.plist */,
			);
			path = NavigationController;
			sourceTree = "<group>";
		};
		2E397F7C1D27618C00693826 /* NavigationControllerTests */ = {
			isa = PBXGroup;
			children = (
				2E397F7D1D27618C00693826 /* NavigationControllerTests.swift */,
				2E397F7F1D27618C00693826 /* Info.plist */,
			);
			path = NavigationControllerTests;
			sourceTree = "<group>";
		};
		2E397F871D27618C00693826 /* NavigationControllerUITests */ = {
			isa = PBXGroup;
			children = (
				2E397F881D27618C00693826 /* NavigationControllerUITests.swift */,
				2E397F8A1D27618C00693826 /* Info.plist */,
			);
			path = NavigationControllerUITests;
			sourceTree = "<group>";
		};
		2E397FA01D27733B00693826 /* src */ = {
			isa = PBXGroup;
			children = (
				2E397F681D27618C00693826 /* AppDelegate.swift */,
				2E397F961D27632500693826 /* RootTableViewController.swift */,
				2E397F9E1D27730800693826 /* ContentViewController.swift */,
			);
			name = src;
			sourceTree = "<group>";
		};
/* End PBXGroup section */

/* Begin PBXNativeTarget section */
		2E397F641D27618C00693826 /* NavigationController */ = {
			isa = PBXNativeTarget;
			buildConfigurationList = 2E397F8D1D27618C00693826 /* Build configuration list for PBXNativeTarget "NavigationController" */;
			buildPhases = (
				2E397F611D27618C00693826 /* Sources */,
				2E397F621D27618C00693826 /* Frameworks */,
				2E397F631D27618C00693826 /* Resources */,
			);
			buildRules = (
			);
			dependencies = (
			);
			name = NavigationController;
			productName = NavigationController;
			productReference = 2E397F651D27618C00693826 /* NavigationController.app */;
			productType = "com.apple.product-type.application";
		};
		2E397F781D27618C00693826 /* NavigationControllerTests */ = {
			isa = PBXNativeTarget;
			buildConfigurationList = 2E397F901D27618C00693826 /* Build configuration list for PBXNativeTarget "NavigationControllerTests" */;
			buildPhases = (
				2E397F751D27618C00693826 /* Sources */,
				2E397F761D27618C00693826 /* Frameworks */,
				2E397F771D27618C00693826 /* Resources */,
			);
			buildRules = (
			);
			dependencies = (
				2E397F7B1D27618C00693826 /* PBXTargetDependency */,
			);
			name = NavigationControllerTests;
			productName = NavigationControllerTests;
			productReference = 2E397F791D27618C00693826 /* NavigationControllerTests.xctest */;
			productType = "com.apple.product-type.bundle.unit-test";
		};
		2E397F831D27618C00693826 /* NavigationControllerUITests */ = {
			isa = PBXNativeTarget;
			buildConfigurationList = 2E397F931D27618C00693826 /* Build configuration list for PBXNativeTarget "NavigationControllerUITests" */;
			buildPhases = (
				2E397F801D27618C00693826 /* Sources */,
				2E397F811D27618C00693826 /* Frameworks */,
				2E397F821D27618C00693826 /* Resources */,
			);
			buildRules = (
			);
			dependencies = (
				2E397F861D27618C00693826 /* PBXTargetDependency */,
			);
			name = NavigationControllerUITests;
			productName = NavigationControllerUITests;
			productReference = 2E397F841D27618C00693826 /* NavigationControllerUITests.xctest */;
			productType = "com.apple.product-type.bundle.ui-testing";
		};
/* End PBXNativeTarget section */

/* Begin PBXProject section */
		2E397F5D1D27618C00693826 /* Project object */ = {
			isa = PBXProject;
			attributes = {
				LastSwiftUpdateCheck = 0730;
				LastUpgradeCheck = 0730;
				ORGANIZATIONNAME = jikexueyuan;
				TargetAttributes = {
					2E397F641D27618C00693826 = {
						CreatedOnToolsVersion = 7.3;
					};
					2E397F781D27618C00693826 = {
						CreatedOnToolsVersion = 7.3;
						TestTargetID = 2E397F641D27618C00693826;
					};
					2E397F831D27618C00693826 = {
						CreatedOnToolsVersion = 7.3;
						TestTargetID = 2E397F641D27618C00693826;
					};
				};
			};
			buildConfigurationList = 2E397F601D27618C00693826 /* Build configuration list for PBXProject "NavigationController" */;
			compatibilityVersion = "Xcode 3.2";
			developmentRegion = English;
			hasScannedForEncodings = 0;
			knownRegions = (
				en,
				Base,
			);
			mainGroup = 2E397F5C1D27618C00693826;
			productRefGroup = 2E397F661D27618C00693826 /* Products */;
			projectDirPath = "";
			projectRoot = "";
			targets = (
				2E397F641D27618C00693826 /* NavigationController */,
				2E397F781D27618C00693826 /* NavigationControllerTests */,
				2E397F831D27618C00693826 /* NavigationControllerUITests */,
			);
		};
/* End PBXProject section */

/* Begin PBXResourcesBuildPhase section */
		2E397F631D27618C00693826 /* Resources */ = {
			isa = PBXResourcesBuildPhase;
			buildActionMask = 2147483647;
			files = (
				2E397F731D27618C00693826 /* LaunchScreen.storyboard in Resources */,
				2E397F701D27618C00693826 /* Assets.xcassets in Resources */,
				2E397F991D2764F300693826 /* data.plist in Resources */,
				2E397F6E1D27618C00693826 /* Main.storyboard in Resources */,
			);
			runOnlyForDeploymentPostprocessing = 0;
		};
		2E397F771D27618C00693826 /* Resources */ = {
			isa = PBXResourcesBuildPhase;
			buildActionMask = 2147483647;
			files = (
			);
			runOnlyForDeploymentPostprocessing = 0;
		};
		2E397F821D27618C00693826 /* Resources */ = {
			isa = PBXResourcesBuildPhase;
			buildActionMask = 2147483647;
			files = (
			);
			runOnlyForDeploymentPostprocessing = 0;
		};
/* End PBXResourcesBuildPhase section */

/* Begin PBXSourcesBuildPhase section */
		2E397F611D27618C00693826 /* Sources */ = {
			isa = PBXSourcesBuildPhase;
			buildActionMask = 2147483647;
			files = (
				2E397F691D27618C00693826 /* AppDelegate.swift in Sources */,
				2E397F9F1D27730800693826 /* ContentViewController.swift in Sources */,
				2E397F971D27632500693826 /* RootTableViewController.swift in Sources */,
			);
			runOnlyForDeploymentPostprocessing = 0;
		};
		2E397F751D27618C00693826 /* Sources */ = {
			isa = PBXSourcesBuildPhase;
			buildActionMask = 2147483647;
			files = (
				2E397F7E1D27618C00693826 /* NavigationControllerTests.swift in Sources */,
			);
			runOnlyForDeploymentPostprocessing = 0;
		};
		2E397F801D27618C00693826 /* Sources */ = {
			isa = PBXSourcesBuildPhase;
			buildActionMask = 2147483647;
			files = (
				2E397F891D27618C00693826 /* NavigationControllerUITests.swift in Sources */,
			);
			runOnlyForDeploymentPostprocessing = 0;
		};
/* End PBXSourcesBuildPhase section */

/* Begin PBXTargetDependency section */
		2E397F7B1D27618C00693826 /* PBXTargetDependency */ = {
			isa = PBXTargetDependency;
			target = 2E397F641D27618C00693826 /* NavigationController */;
			targetProxy = 2E397F7A1D27618C00693826 /* PBXContainerItemProxy */;
		};
		2E397F861D27618C00693826 /* PBXTargetDependency */ = {
			isa = PBXTargetDependency;
			target = 2E397F641D27618C00693826 /* NavigationController */;
			targetProxy = 2E397F851D27618C00693826 /* PBXContainerItemProxy */;
		};
/* End PBXTargetDependency section */

/* Begin PBXVariantGroup section */
		2E397F6C1D27618C00693826 /* Main.storyboard */ = {
			isa = PBXVariantGroup;
			children = (
				2E397F6D1D27618C00693826 /* Base */,
			);
			name = Main.storyboard;
			sourceTree = "<group>";
		};
		2E397F711D27618C00693826 /* LaunchScreen.storyboard */ = {
			isa = PBXVariantGroup;
			children = (
				2E397F721D27618C00693826 /* Base */,
			);
			name = LaunchScreen.storyboard;
			sourceTree = "<group>";
		};
/* End PBXVariantGroup section */

/* Begin XCBuildConfiguration section */
		2E397F8B1D27618C00693826 /* Debug */ = {
			isa = XCBuildConfiguration;
			buildSettings = {
				ALWAYS_SEARCH_USER_PATHS = NO;
				CLANG_ANALYZER_NONNULL = YES;
				CLANG_CXX_LANGUAGE_STANDARD = "gnu++0x";
				CLANG_CXX_LIBRARY = "libc++";
				CLANG_ENABLE_MODULES = YES;
				CLANG_ENABLE_OBJC_ARC = YES;
				CLANG_WARN_BOOL_CONVERSION = YES;
				CLANG_WARN_CONSTANT_CONVERSION = YES;
				CLANG_WARN_DIRECT_OBJC_ISA_USAGE = YES_ERROR;
				CLANG_WARN_EMPTY_BODY = YES;
				CLANG_WARN_ENUM_CONVERSION = YES;
				CLANG_WARN_INT_CONVERSION = YES;
				CLANG_WARN_OBJC_ROOT_CLASS = YES_ERROR;
				CLANG_WARN_UNREACHABLE_CODE = YES;
				CLANG_WARN__DUPLICATE_METHOD_MATCH = YES;
				"CODE_SIGN_IDENTITY[sdk=iphoneos*]" = "iPhone Developer";
				COPY_PHASE_STRIP = NO;
				DEBUG_INFORMATION_FORMAT = dwarf;
				ENABLE_STRICT_OBJC_MSGSEND = YES;
				ENABLE_TESTABILITY = YES;
				GCC_C_LANGUAGE_STANDARD = gnu99;
				GCC_DYNAMIC_NO_PIC = NO;
				GCC_NO_COMMON_BLOCKS = YES;
				GCC_OPTIMIZATION_LEVEL = 0;
				GCC_PREPROCESSOR_DEFINITIONS = (
					"DEBUG=1",
					"$(inherited)",
				);
				GCC_WARN_64_TO_32_BIT_CONVERSION = YES;
				GCC_WARN_ABOUT_RETURN_TYPE = YES_ERROR;
				GCC_WARN_UNDECLARED_SELECTOR = YES;
				GCC_WARN_UNINITIALIZED_AUTOS = YES_AGGRESSIVE;
				GCC_WARN_UNUSED_FUNCTION = YES;
				GCC_WARN_UNUSED_VARIABLE = YES;
				IPHONEOS_DEPLOYMENT_TARGET = 9.3;
				MTL_ENABLE_DEBUG_INFO = YES;
				ONLY_ACTIVE_ARCH = YES;
				SDKROOT = iphoneos;
				SWIFT_OPTIMIZATION_LEVEL = "-Onone";
				TARGETED_DEVICE_FAMILY = "1,2";
			};
			name = Debug;
		};
		2E397F8C1D27618C00693826 /* Release */ = {
			isa = XCBuildConfiguration;
			buildSettings = {
				ALWAYS_SEARCH_USER_PATHS = NO;
				CLANG_ANALYZER_NONNULL = YES;
				CLANG_CXX_LANGUAGE_STANDARD = "gnu++0x";
				CLANG_CXX_LIBRARY = "libc++";
				CLANG_ENABLE_MODULES = YES;
				CLANG_ENABLE_OBJC_ARC = YES;
				CLANG_WARN_BOOL_CONVERSION = YES;
				CLANG_WARN_CONSTANT_CONVERSION = YES;
				CLANG_WARN_DIRECT_OBJC_ISA_USAGE = YES_ERROR;
				CLANG_WARN_EMPTY_BODY = YES;
				CLANG_WARN_ENUM_CONVERSION = YES;
				CLANG_WARN_INT_CONVERSION = YES;
				CLANG_WARN_OBJC_ROOT_CLASS = YES_ERROR;
				CLANG_WARN_UNREACHABLE_CODE = YES;
				CLANG_WARN__DUPLICATE_METHOD_MATCH = YES;
				"CODE_SIGN_IDENTITY[sdk=iphoneos*]" = "iPhone Developer";
				COPY_PHASE_STRIP = NO;
				DEBUG_INFORMATION_FORMAT = "dwarf-with-dsym";
				ENABLE_NS_ASSERTIONS = NO;
				ENABLE_STRICT_OBJC_MSGSEND = YES;
				GCC_C_LANGUAGE_STANDARD = gnu99;
				GCC_NO_COMMON_BLOCKS = YES;
				GCC_WARN_64_TO_32_BIT_CONVERSION = YES;
				GCC_WARN_ABOUT_RETURN_TYPE = YES_ERROR;
				GCC_WARN_UNDECLARED_SELECTOR = YES;
				GCC_WARN_UNINITIALIZED_AUTOS = YES_AGGRESSIVE;
				GCC_WARN_UNUSED_FUNCTION = YES;
				GCC_WARN_UNUSED_VARIABLE = YES;
				IPHONEOS_DEPLOYMENT_TARGET = 9.3;
				MTL_ENABLE_DEBUG_INFO = NO;
				SDKROOT = iphoneos;
				TARGETED_DEVICE_FAMILY = "1,2";
				VALIDATE_PRODUCT = YES;
			};
			name = Release;
		};
		2E397F8E1D27618C00693826 /* Debug */ = {
			isa = XCBuildConfiguration;
			buildSettings = {
				ASSETCATALOG_COMPILER_APPICON_NAME = AppIcon;
				INFOPLIST_FILE = NavigationController/Info.plist;
				LD_RUNPATH_SEARCH_PATHS = "$(inherited) @executable_path/Frameworks";
				PRODUCT_BUNDLE_IDENTIFIER = com.jikeyueyuan.NavigationController;
				PRODUCT_NAME = "$(TARGET_NAME)";
			};
			name = Debug;
		};
		2E397F8F1D27618C00693826 /* Release */ = {
			isa = XCBuildConfiguration;
			buildSettings = {
				ASSETCATALOG_COMPILER_APPICON_NAME = AppIcon;
				INFOPLIST_FILE = NavigationController/Info.plist;
				LD_RUNPATH_SEARCH_PATHS = "$(inherited) @executable_path/Frameworks";
				PRODUCT_BUNDLE_IDENTIFIER = com.jikeyueyuan.NavigationController;
				PRODUCT_NAME = "$(TARGET_NAME)";
			};
			name = Release;
		};
		2E397F911D27618C00693826 /* Debug */ = {
			isa = XCBuildConfiguration;
			buildSettings = {
				BUNDLE_LOADER = "$(TEST_HOST)";
				INFOPLIST_FILE = NavigationControllerTests/Info.plist;
				LD_RUNPATH_SEARCH_PATHS = "$(inherited) @executable_path/Frameworks @loader_path/Frameworks";
				PRODUCT_BUNDLE_IDENTIFIER = com.jikeyueyuan.NavigationControllerTests;
				PRODUCT_NAME = "$(TARGET_NAME)";
				TEST_HOST = "$(BUILT_PRODUCTS_DIR)/NavigationController.app/NavigationController";
			};
			name = Debug;
		};
		2E397F921D27618C00693826 /* Release */ = {
			isa = XCBuildConfiguration;
			buildSettings = {
				BUNDLE_LOADER = "$(TEST_HOST)";
				INFOPLIST_FILE = NavigationControllerTests/Info.plist;
				LD_RUNPATH_SEARCH_PATHS = "$(inherited) @executable_path/Frameworks @loader_path/Frameworks";
				PRODUCT_BUNDLE_IDENTIFIER = com.jikeyueyuan.NavigationControllerTests;
				PRODUCT_NAME = "$(TARGET_NAME)";
				TEST_HOST = "$(BUILT_PRODUCTS_DIR)/NavigationController.app/NavigationController";
			};
			name = Release;
		};
		2E397F941D27618C00693826 /* Debug */ = {
			isa = XCBuildConfiguration;
			buildSettings = {
				INFOPLIST_FILE = NavigationControllerUITests/Info.plist;
				LD_RUNPATH_SEARCH_PATHS = "$(inherited) @executable_path/Frameworks @loader_path/Frameworks";
				PRODUCT_BUNDLE_IDENTIFIER = com.jikeyueyuan.NavigationControllerUITests;
				PRODUCT_NAME = "$(TARGET_NAME)";
				TEST_TARGET_NAME = NavigationController;
			};
			name = Debug;
		};
		2E397F951D27618C00693826 /* Release */ = {
			isa = XCBuildConfiguration;
			buildSettings = {
				INFOPLIST_FILE = NavigationControllerUITests/Info.plist;
				LD_RUNPATH_SEARCH_PATHS = "$(inherited) @executable_path/Frameworks @loader_path/Frameworks";
				PRODUCT_BUNDLE_IDENTIFIER = com.jikeyueyuan.NavigationControllerUITests;
				PRODUCT_NAME = "$(TARGET_NAME)";
				TEST_TARGET_NAME = NavigationController;
			};
			name = Release;
		};
/* End XCBuildConfiguration section */

/* Begin XCConfigurationList section */
		2E397F601D27618C00693826 /* Build configuration list for PBXProject "NavigationController" */ = {
			isa = XCConfigurationList;
			buildConfigurations = (
				2E397F8B1D27618C00693826 /* Debug */,
				2E397F8C1D27618C00693826 /* Release */,
			);
			defaultConfigurationIsVisible = 0;
			defaultConfigurationName = Release;
		};
		2E397F8D1D27618C00693826 /* Build configuration list for PBXNativeTarget "NavigationController" */ = {
			isa = XCConfigurationList;
			buildConfigurations = (
				2E397F8E1D27618C00693826 /* Debug */,
				2E397F8F1D27618C00693826 /* Release */,
			);
			defaultConfigurationIsVisible = 0;
		};
		2E397F901D27618C00693826 /* Build configuration list for PBXNativeTarget "NavigationControllerTests" */ = {
			isa = XCConfigurationList;
			buildConfigurations = (
				2E397F911D27618C00693826 /* Debug */,
				2E397F921D27618C00693826 /* Release */,
			);
			defaultConfigurationIsVisible = 0;
		};
		2E397F931D27618C00693826 /* Build configuration list for PBXNativeTarget "NavigationControllerUITests" */ = {
			isa = XCConfigurationList;
			buildConfigurations = (
				2E397F941D27618C00693826 /* Debug */,
				2E397F951D27618C00693826 /* Release */,
			);
			defaultConfigurationIsVisible = 0;
		};
/* End XCConfigurationList section */
	};
	rootObject = 2E397F5D1D27618C00693826 /* Project object */;
}
