// !$*UTF8*$!
{
	archiveVersion = 1;
	classes = {
	};
	objectVersion = 46;
	objects = {

/* Begin PBXBuildFile section */
		2EB17CB01D2A1869007A716B /* AppDelegate.swift in Sources */ = {isa = PBXBuildFile; fileRef = 2EB17CAF1D2A1869007A716B /* AppDelegate.swift */; };
		2EB17CB21D2A1869007A716B /* ViewController.swift in Sources */ = {isa = PBXBuildFile; fileRef = 2EB17CB11D2A1869007A716B /* ViewController.swift */; };
		2EB17CB51D2A186A007A716B /* Main.storyboard in Resources */ = {isa = PBXBuildFile; fileRef = 2EB17CB31D2A186A007A716B /* Main.storyboard */; };
		2EB17CB71D2A186A007A716B /* Assets.xcassets in Resources */ = {isa = PBXBuildFile; fileRef = 2EB17CB61D2A186A007A716B /* Assets.xcassets */; };
		2EB17CBA1D2A186A007A716B /* LaunchScreen.storyboard in Resources */ = {isa = PBXBuildFile; fileRef = 2EB17CB81D2A186A007A716B /* LaunchScreen.storyboard */; };
		2EB17CC51D2A186A007A716B /* MyAutoLayoutTests.swift in Sources */ = {isa = PBXBuildFile; fileRef = 2EB17CC41D2A186A007A716B /* MyAutoLayoutTests.swift */; };
		2EB17CD01D2A186A007A716B /* MyAutoLayoutUITests.swift in Sources */ = {isa = PBXBuildFile; fileRef = 2EB17CCF1D2A186A007A716B /* MyAutoLayoutUITests.swift */; };
/* End PBXBuildFile section */

/* Begin PBXContainerItemProxy section */
		2EB17CC11D2A186A007A716B /* PBXContainerItemProxy */ = {
			isa = PBXContainerItemProxy;
			containerPortal = 2EB17CA41D2A1869007A716B /* Project object */;
			proxyType = 1;
			remoteGlobalIDString = 2EB17CAB1D2A1869007A716B;
			remoteInfo = MyAutoLayout;
		};
		2EB17CCC1D2A186A007A716B /* PBXContainerItemProxy */ = {
			isa = PBXContainerItemProxy;
			containerPortal = 2EB17CA41D2A1869007A716B /* Project object */;
			proxyType = 1;
			remoteGlobalIDString = 2EB17CAB1D2A1869007A716B;
			remoteInfo = MyAutoLayout;
		};
/* End PBXContainerItemProxy section */

/* Begin PBXFileReference section */
		2EB17CAC1D2A1869007A716B /* MyAutoLayout.app */ = {isa = PBXFileReference; explicitFileType = wrapper.application; includeInIndex = 0; path = MyAutoLayout.app; sourceTree = BUILT_PRODUCTS_DIR; };
		2EB17CAF1D2A1869007A716B /* AppDelegate.swift */ = {isa = PBXFileReference; lastKnownFileType = sourcecode.swift; path = AppDelegate.swift; sourceTree = "<group>"; };
		2EB17CB11D2A1869007A716B /* ViewController.swift */ = {isa = PBXFileReference; lastKnownFileType = sourcecode.swift; path = ViewController.swift; sourceTree = "<group>"; };
		2EB17CB41D2A186A007A716B /* Base */ = {isa = PBXFileReference; lastKnownFileType = file.storyboard; name = Base; path = Base.lproj/Main.storyboard; sourceTree = "<group>"; };
		2EB17CB61D2A186A007A716B /* Assets.xcassets */ = {isa = PBXFileReference; lastKnownFileType = folder.assetcatalog; path = Assets.xcassets; sourceTree = "<group>"; };
		2EB17CB91D2A186A007A716B /* Base */ = {isa = PBXFileReference; lastKnownFileType = file.storyboard; name = Base; path = Base.lproj/LaunchScreen.storyboard; sourceTree = "<group>"; };
		2EB17CBB1D2A186A007A716B /* Info.plist */ = {isa = PBXFileReference; lastKnownFileType = text.plist.xml; path = Info.plist; sourceTree = "<group>"; };
		2EB17CC01D2A186A007A716B /* MyAutoLayoutTests.xctest */ = {isa = PBXFileReference; explicitFileType = wrapper.cfbundle; includeInIndex = 0; path = MyAutoLayoutTests.xctest; sourceTree = BUILT_PRODUCTS_DIR; };
		2EB17CC41D2A186A007A716B /* MyAutoLayoutTests.swift */ = {isa = PBXFileReference; lastKnownFileType = sourcecode.swift; path = MyAutoLayoutTests.swift; sourceTree = "<group>"; };
		2EB17CC61D2A186A007A716B /* Info.plist */ = {isa = PBXFileReference; lastKnownFileType = text.plist.xml; path = Info.plist; sourceTree = "<group>"; };
		2EB17CCB1D2A186A007A716B /* MyAutoLayoutUITests.xctest */ = {isa = PBXFileReference; explicitFileType = wrapper.cfbundle; includeInIndex = 0; path = MyAutoLayoutUITests.xctest; sourceTree = BUILT_PRODUCTS_DIR; };
		2EB17CCF1D2A186A007A716B /* MyAutoLayoutUITests.swift */ = {isa = PBXFileReference; lastKnownFileType = sourcecode.swift; path = MyAutoLayoutUITests.swift; sourceTree = "<group>"; };
		2EB17CD11D2A186A007A716B /* Info.plist */ = {isa = PBXFileReference; lastKnownFileType = text.plist.xml; path = Info.plist; sourceTree = "<group>"; };
/* End PBXFileReference section */

/* Begin PBXFrameworksBuildPhase section */
		2EB17CA91D2A1869007A716B /* Frameworks */ = {
			isa = PBXFrameworksBuildPhase;
			buildActionMask = 2147483647;
			files = (
			);
			runOnlyForDeploymentPostprocessing = 0;
		};
		2EB17CBD1D2A186A007A716B /* Frameworks */ = {
			isa = PBXFrameworksBuildPhase;
			buildActionMask = 2147483647;
			files = (
			);
			runOnlyForDeploymentPostprocessing = 0;
		};
		2EB17CC81D2A186A007A716B /* Frameworks */ = {
			isa = PBXFrameworksBuildPhase;
			buildActionMask = 2147483647;
			files = (
			);
			runOnlyForDeploymentPostprocessing = 0;
		};
/* End PBXFrameworksBuildPhase section */

/* Begin PBXGroup section */
		2EB17CA31D2A1869007A716B = {
			isa = PBXGroup;
			children = (
				2EB17CAE1D2A1869007A716B /* MyAutoLayout */,
				2EB17CC31D2A186A007A716B /* MyAutoLayoutTests */,
				2EB17CCE1D2A186A007A716B /* MyAutoLayoutUITests */,
				2EB17CAD1D2A1869007A716B /* Products */,
			);
			sourceTree = "<group>";
		};
		2EB17CAD1D2A1869007A716B /* Products */ = {
			isa = PBXGroup;
			children = (
				2EB17CAC1D2A1869007A716B /* MyAutoLayout.app */,
				2EB17CC01D2A186A007A716B /* MyAutoLayoutTests.xctest */,
				2EB17CCB1D2A186A007A716B /* MyAutoLayoutUITests.xctest */,
			);
			name = Products;
			sourceTree = "<group>";
		};
		2EB17CAE1D2A1869007A716B /* MyAutoLayout */ = {
			isa = PBXGroup;
			children = (
				2EB17CAF1D2A1869007A716B /* AppDelegate.swift */,
				2EB17CB11D2A1869007A716B /* ViewController.swift */,
				2EB17CB31D2A186A007A716B /* Main.storyboard */,
				2EB17CB61D2A186A007A716B /* Assets.xcassets */,
				2EB17CB81D2A186A007A716B /* LaunchScreen.storyboard */,
				2EB17CBB1D2A186A007A716B /* Info.plist */,
			);
			path = MyAutoLayout;
			sourceTree = "<group>";
		};
		2EB17CC31D2A186A007A716B /* MyAutoLayoutTests */ = {
			isa = PBXGroup;
			children = (
				2EB17CC41D2A186A007A716B /* MyAutoLayoutTests.swift */,
				2EB17CC61D2A186A007A716B /* Info.plist */,
			);
			path = MyAutoLayoutTests;
			sourceTree = "<group>";
		};
		2EB17CCE1D2A186A007A716B /* MyAutoLayoutUITests */ = {
			isa = PBXGroup;
			children = (
				2EB17CCF1D2A186A007A716B /* MyAutoLayoutUITests.swift */,
				2EB17CD11D2A186A007A716B /* Info.plist */,
			);
			path = MyAutoLayoutUITests;
			sourceTree = "<group>";
		};
/* End PBXGroup section */

/* Begin PBXNativeTarget section */
		2EB17CAB1D2A1869007A716B /* MyAutoLayout */ = {
			isa = PBXNativeTarget;
			buildConfigurationList = 2EB17CD41D2A186A007A716B /* Build configuration list for PBXNativeTarget "MyAutoLayout" */;
			buildPhases = (
				2EB17CA81D2A1869007A716B /* Sources */,
				2EB17CA91D2A1869007A716B /* Frameworks */,
				2EB17CAA1D2A1869007A716B /* Resources */,
			);
			buildRules = (
			);
			dependencies = (
			);
			name = MyAutoLayout;
			productName = MyAutoLayout;
			productReference = 2EB17CAC1D2A1869007A716B /* MyAutoLayout.app */;
			productType = "com.apple.product-type.application";
		};
		2EB17CBF1D2A186A007A716B /* MyAutoLayoutTests */ = {
			isa = PBXNativeTarget;
			buildConfigurationList = 2EB17CD71D2A186A007A716B /* Build configuration list for PBXNativeTarget "MyAutoLayoutTests" */;
			buildPhases = (
				2EB17CBC1D2A186A007A716B /* Sources */,
				2EB17CBD1D2A186A007A716B /* Frameworks */,
				2EB17CBE1D2A186A007A716B /* Resources */,
			);
			buildRules = (
			);
			dependencies = (
				2EB17CC21D2A186A007A716B /* PBXTargetDependency */,
			);
			name = MyAutoLayoutTests;
			productName = MyAutoLayoutTests;
			productReference = 2EB17CC01D2A186A007A716B /* MyAutoLayoutTests.xctest */;
			productType = "com.apple.product-type.bundle.unit-test";
		};
		2EB17CCA1D2A186A007A716B /* MyAutoLayoutUITests */ = {
			isa = PBXNativeTarget;
			buildConfigurationList = 2EB17CDA1D2A186A007A716B /* Build configuration list for PBXNativeTarget "MyAutoLayoutUITests" */;
			buildPhases = (
				2EB17CC71D2A186A007A716B /* Sources */,
				2EB17CC81D2A186A007A716B /* Frameworks */,
				2EB17CC91D2A186A007A716B /* Resources */,
			);
			buildRules = (
			);
			dependencies = (
				2EB17CCD1D2A186A007A716B /* PBXTargetDependency */,
			);
			name = MyAutoLayoutUITests;
			productName = MyAutoLayoutUITests;
			productReference = 2EB17CCB1D2A186A007A716B /* MyAutoLayoutUITests.xctest */;
			productType = "com.apple.product-type.bundle.ui-testing";
		};
/* End PBXNativeTarget section */

/* Begin PBXProject section */
		2EB17CA41D2A1869007A716B /* Project object */ = {
			isa = PBXProject;
			attributes = {
				LastSwiftUpdateCheck = 0730;
				LastUpgradeCheck = 0730;
				ORGANIZATIONNAME = jikexueyuan;
				TargetAttributes = {
					2EB17CAB1D2A1869007A716B = {
						CreatedOnToolsVersion = 7.3;
					};
					2EB17CBF1D2A186A007A716B = {
						CreatedOnToolsVersion = 7.3;
						TestTargetID = 2EB17CAB1D2A1869007A716B;
					};
					2EB17CCA1D2A186A007A716B = {
						CreatedOnToolsVersion = 7.3;
						TestTargetID = 2EB17CAB1D2A1869007A716B;
					};
				};
			};
			buildConfigurationList = 2EB17CA71D2A1869007A716B /* Build configuration list for PBXProject "MyAutoLayout" */;
			compatibilityVersion = "Xcode 3.2";
			developmentRegion = English;
			hasScannedForEncodings = 0;
			knownRegions = (
				en,
				Base,
			);
			mainGroup = 2EB17CA31D2A1869007A716B;
			productRefGroup = 2EB17CAD1D2A1869007A716B /* Products */;
			projectDirPath = "";
			projectRoot = "";
			targets = (
				2EB17CAB1D2A1869007A716B /* MyAutoLayout */,
				2EB17CBF1D2A186A007A716B /* MyAutoLayoutTests */,
				2EB17CCA1D2A186A007A716B /* MyAutoLayoutUITests */,
			);
		};
/* End PBXProject section */

/* Begin PBXResourcesBuildPhase section */
		2EB17CAA1D2A1869007A716B /* Resources */ = {
			isa = PBXResourcesBuildPhase;
			buildActionMask = 2147483647;
			files = (
				2EB17CBA1D2A186A007A716B /* LaunchScreen.storyboard in Resources */,
				2EB17CB71D2A186A007A716B /* Assets.xcassets in Resources */,
				2EB17CB51D2A186A007A716B /* Main.storyboard in Resources */,
			);
			runOnlyForDeploymentPostprocessing = 0;
		};
		2EB17CBE1D2A186A007A716B /* Resources */ = {
			isa = PBXResourcesBuildPhase;
			buildActionMask = 2147483647;
			files = (
			);
			runOnlyForDeploymentPostprocessing = 0;
		};
		2EB17CC91D2A186A007A716B /* Resources */ = {
			isa = PBXResourcesBuildPhase;
			buildActionMask = 2147483647;
			files = (
			);
			runOnlyForDeploymentPostprocessing = 0;
		};
/* End PBXResourcesBuildPhase section */

/* Begin PBXSourcesBuildPhase section */
		2EB17CA81D2A1869007A716B /* Sources */ = {
			isa = PBXSourcesBuildPhase;
			buildActionMask = 2147483647;
			files = (
				2EB17CB21D2A1869007A716B /* ViewController.swift in Sources */,
				2EB17CB01D2A1869007A716B /* AppDelegate.swift in Sources */,
			);
			runOnlyForDeploymentPostprocessing = 0;
		};
		2EB17CBC1D2A186A007A716B /* Sources */ = {
			isa = PBXSourcesBuildPhase;
			buildActionMask = 2147483647;
			files = (
				2EB17CC51D2A186A007A716B /* MyAutoLayoutTests.swift in Sources */,
			);
			runOnlyForDeploymentPostprocessing = 0;
		};
		2EB17CC71D2A186A007A716B /* Sources */ = {
			isa = PBXSourcesBuildPhase;
			buildActionMask = 2147483647;
			files = (
				2EB17CD01D2A186A007A716B /* MyAutoLayoutUITests.swift in Sources */,
			);
			runOnlyForDeploymentPostprocessing = 0;
		};
/* End PBXSourcesBuildPhase section */

/* Begin PBXTargetDependency section */
		2EB17CC21D2A186A007A716B /* PBXTargetDependency */ = {
			isa = PBXTargetDependency;
			target = 2EB17CAB1D2A1869007A716B /* MyAutoLayout */;
			targetProxy = 2EB17CC11D2A186A007A716B /* PBXContainerItemProxy */;
		};
		2EB17CCD1D2A186A007A716B /* PBXTargetDependency */ = {
			isa = PBXTargetDependency;
			target = 2EB17CAB1D2A1869007A716B /* MyAutoLayout */;
			targetProxy = 2EB17CCC1D2A186A007A716B /* PBXContainerItemProxy */;
		};
/* End PBXTargetDependency section */

/* Begin PBXVariantGroup section */
		2EB17CB31D2A186A007A716B /* Main.storyboard */ = {
			isa = PBXVariantGroup;
			children = (
				2EB17CB41D2A186A007A716B /* Base */,
			);
			name = Main.storyboard;
			sourceTree = "<group>";
		};
		2EB17CB81D2A186A007A716B /* LaunchScreen.storyboard */ = {
			isa = PBXVariantGroup;
			children = (
				2EB17CB91D2A186A007A716B /* Base */,
			);
			name = LaunchScreen.storyboard;
			sourceTree = "<group>";
		};
/* End PBXVariantGroup section */

/* Begin XCBuildConfiguration section */
		2EB17CD21D2A186A007A716B /* Debug */ = {
			isa = XCBuildConfiguration;
			buildSettings = {
				ALWAYS_SEARCH_USER_PATHS = NO;
				CLANG_ANALYZER_NONNULL = YES;
				CLANG_CXX_LANGUAGE_STANDARD = "gnu++0x";
				CLANG_CXX_LIBRARY = "libc++";
				CLANG_ENABLE_MODULES = YES;
				CLANG_ENABLE_OBJC_ARC = YES;
				CLANG_WARN_BOOL_CONVERSION = YES;
				CLANG_WARN_CONSTANT_CONVERSION = YES;
				CLANG_WARN_DIRECT_OBJC_ISA_USAGE = YES_ERROR;
				CLANG_WARN_EMPTY_BODY = YES;
				CLANG_WARN_ENUM_CONVERSION = YES;
				CLANG_WARN_INT_CONVERSION = YES;
				CLANG_WARN_OBJC_ROOT_CLASS = YES_ERROR;
				CLANG_WARN_UNREACHABLE_CODE = YES;
				CLANG_WARN__DUPLICATE_METHOD_MATCH = YES;
				"CODE_SIGN_IDENTITY[sdk=iphoneos*]" = "iPhone Developer";
				COPY_PHASE_STRIP = NO;
				DEBUG_INFORMATION_FORMAT = dwarf;
				ENABLE_STRICT_OBJC_MSGSEND = YES;
				ENABLE_TESTABILITY = YES;
				GCC_C_LANGUAGE_STANDARD = gnu99;
				GCC_DYNAMIC_NO_PIC = NO;
				GCC_NO_COMMON_BLOCKS = YES;
				GCC_OPTIMIZATION_LEVEL = 0;
				GCC_PREPROCESSOR_DEFINITIONS = (
					"DEBUG=1",
					"$(inherited)",
				);
				GCC_WARN_64_TO_32_BIT_CONVERSION = YES;
				GCC_WARN_ABOUT_RETURN_TYPE = YES_ERROR;
				GCC_WARN_UNDECLARED_SELECTOR = YES;
				GCC_WARN_UNINITIALIZED_AUTOS = YES_AGGRESSIVE;
				GCC_WARN_UNUSED_FUNCTION = YES;
				GCC_WARN_UNUSED_VARIABLE = YES;
				IPHONEOS_DEPLOYMENT_TARGET = 9.3;
				MTL_ENABLE_DEBUG_INFO = YES;
				ONLY_ACTIVE_ARCH = YES;
				SDKROOT = iphoneos;
				SWIFT_OPTIMIZATION_LEVEL = "-Onone";
				TARGETED_DEVICE_FAMILY = "1,2";
			};
			name = Debug;
		};
		2EB17CD31D2A186A007A716B /* Release */ = {
			isa = XCBuildConfiguration;
			buildSettings = {
				ALWAYS_SEARCH_USER_PATHS = NO;
				CLANG_ANALYZER_NONNULL = YES;
				CLANG_CXX_LANGUAGE_STANDARD = "gnu++0x";
				CLANG_CXX_LIBRARY = "libc++";
				CLANG_ENABLE_MODULES = YES;
				CLANG_ENABLE_OBJC_ARC = YES;
				CLANG_WARN_BOOL_CONVERSION = YES;
				CLANG_WARN_CONSTANT_CONVERSION = YES;
				CLANG_WARN_DIRECT_OBJC_ISA_USAGE = YES_ERROR;
				CLANG_WARN_EMPTY_BODY = YES;
				CLANG_WARN_ENUM_CONVERSION = YES;
				CLANG_WARN_INT_CONVERSION = YES;
				CLANG_WARN_OBJC_ROOT_CLASS = YES_ERROR;
				CLANG_WARN_UNREACHABLE_CODE = YES;
				CLANG_WARN__DUPLICATE_METHOD_MATCH = YES;
				"CODE_SIGN_IDENTITY[sdk=iphoneos*]" = "iPhone Developer";
				COPY_PHASE_STRIP = NO;
				DEBUG_INFORMATION_FORMAT = "dwarf-with-dsym";
				ENABLE_NS_ASSERTIONS = NO;
				ENABLE_STRICT_OBJC_MSGSEND = YES;
				GCC_C_LANGUAGE_STANDARD = gnu99;
				GCC_NO_COMMON_BLOCKS = YES;
				GCC_WARN_64_TO_32_BIT_CONVERSION = YES;
				GCC_WARN_ABOUT_RETURN_TYPE = YES_ERROR;
				GCC_WARN_UNDECLARED_SELECTOR = YES;
				GCC_WARN_UNINITIALIZED_AUTOS = YES_AGGRESSIVE;
				GCC_WARN_UNUSED_FUNCTION = YES;
				GCC_WARN_UNUSED_VARIABLE = YES;
				IPHONEOS_DEPLOYMENT_TARGET = 9.3;
				MTL_ENABLE_DEBUG_INFO = NO;
				SDKROOT = iphoneos;
				TARGETED_DEVICE_FAMILY = "1,2";
				VALIDATE_PRODUCT = YES;
			};
			name = Release;
		};
		2EB17CD51D2A186A007A716B /* Debug */ = {
			isa = XCBuildConfiguration;
			buildSettings = {
				ASSETCATALOG_COMPILER_APPICON_NAME = AppIcon;
				INFOPLIST_FILE = MyAutoLayout/Info.plist;
				LD_RUNPATH_SEARCH_PATHS = "$(inherited) @executable_path/Frameworks";
				PRODUCT_BUNDLE_IDENTIFIER = com.jikeyueyuan.MyAutoLayout;
				PRODUCT_NAME = "$(TARGET_NAME)";
			};
			name = Debug;
		};
		2EB17CD61D2A186A007A716B /* Release */ = {
			isa = XCBuildConfiguration;
			buildSettings = {
				ASSETCATALOG_COMPILER_APPICON_NAME = AppIcon;
				INFOPLIST_FILE = MyAutoLayout/Info.plist;
				LD_RUNPATH_SEARCH_PATHS = "$(inherited) @executable_path/Frameworks";
				PRODUCT_BUNDLE_IDENTIFIER = com.jikeyueyuan.MyAutoLayout;
				PRODUCT_NAME = "$(TARGET_NAME)";
			};
			name = Release;
		};
		2EB17CD81D2A186A007A716B /* Debug */ = {
			isa = XCBuildConfiguration;
			buildSettings = {
				BUNDLE_LOADER = "$(TEST_HOST)";
				INFOPLIST_FILE = MyAutoLayoutTests/Info.plist;
				LD_RUNPATH_SEARCH_PATHS = "$(inherited) @executable_path/Frameworks @loader_path/Frameworks";
				PRODUCT_BUNDLE_IDENTIFIER = com.jikeyueyuan.MyAutoLayoutTests;
				PRODUCT_NAME = "$(TARGET_NAME)";
				TEST_HOST = "$(BUILT_PRODUCTS_DIR)/MyAutoLayout.app/MyAutoLayout";
			};
			name = Debug;
		};
		2EB17CD91D2A186A007A716B /* Release */ = {
			isa = XCBuildConfiguration;
			buildSettings = {
				BUNDLE_LOADER = "$(TEST_HOST)";
				INFOPLIST_FILE = MyAutoLayoutTests/Info.plist;
				LD_RUNPATH_SEARCH_PATHS = "$(inherited) @executable_path/Frameworks @loader_path/Frameworks";
				PRODUCT_BUNDLE_IDENTIFIER = com.jikeyueyuan.MyAutoLayoutTests;
				PRODUCT_NAME = "$(TARGET_NAME)";
				TEST_HOST = "$(BUILT_PRODUCTS_DIR)/MyAutoLayout.app/MyAutoLayout";
			};
			name = Release;
		};
		2EB17CDB1D2A186A007A716B /* Debug */ = {
			isa = XCBuildConfiguration;
			buildSettings = {
				INFOPLIST_FILE = MyAutoLayoutUITests/Info.plist;
				LD_RUNPATH_SEARCH_PATHS = "$(inherited) @executable_path/Frameworks @loader_path/Frameworks";
				PRODUCT_BUNDLE_IDENTIFIER = com.jikeyueyuan.MyAutoLayoutUITests;
				PRODUCT_NAME = "$(TARGET_NAME)";
				TEST_TARGET_NAME = MyAutoLayout;
			};
			name = Debug;
		};
		2EB17CDC1D2A186A007A716B /* Release */ = {
			isa = XCBuildConfiguration;
			buildSettings = {
				INFOPLIST_FILE = MyAutoLayoutUITests/Info.plist;
				LD_RUNPATH_SEARCH_PATHS = "$(inherited) @executable_path/Frameworks @loader_path/Frameworks";
				PRODUCT_BUNDLE_IDENTIFIER = com.jikeyueyuan.MyAutoLayoutUITests;
				PRODUCT_NAME = "$(TARGET_NAME)";
				TEST_TARGET_NAME = MyAutoLayout;
			};
			name = Release;
		};
/* End XCBuildConfiguration section */

/* Begin XCConfigurationList section */
		2EB17CA71D2A1869007A716B /* Build configuration list for PBXProject "MyAutoLayout" */ = {
			isa = XCConfigurationList;
			buildConfigurations = (
				2EB17CD21D2A186A007A716B /* Debug */,
				2EB17CD31D2A186A007A716B /* Release */,
			);
			defaultConfigurationIsVisible = 0;
			defaultConfigurationName = Release;
		};
		2EB17CD41D2A186A007A716B /* Build configuration list for PBXNativeTarget "MyAutoLayout" */ = {
			isa = XCConfigurationList;
			buildConfigurations = (
				2EB17CD51D2A186A007A716B /* Debug */,
				2EB17CD61D2A186A007A716B /* Release */,
			);
			defaultConfigurationIsVisible = 0;
		};
		2EB17CD71D2A186A007A716B /* Build configuration list for PBXNativeTarget "MyAutoLayoutTests" */ = {
			isa = XCConfigurationList;
			buildConfigurations = (
				2EB17CD81D2A186A007A716B /* Debug */,
				2EB17CD91D2A186A007A716B /* Release */,
			);
			defaultConfigurationIsVisible = 0;
		};
		2EB17CDA1D2A186A007A716B /* Build configuration list for PBXNativeTarget "MyAutoLayoutUITests" */ = {
			isa = XCConfigurationList;
			buildConfigurations = (
				2EB17CDB1D2A186A007A716B /* Debug */,
				2EB17CDC1D2A186A007A716B /* Release */,
			);
			defaultConfigurationIsVisible = 0;
		};
/* End XCConfigurationList section */
	};
	rootObject = 2EB17CA41D2A1869007A716B /* Project object */;
}
