// !$*UTF8*$!
{
	archiveVersion = 1;
	classes = {
	};
	objectVersion = 46;
	objects = {

/* Begin PBXBuildFile section */
		2EB17DDC1D2E3C78007A716B /* main.m in Sources */ = {isa = PBXBuildFile; fileRef = 2EB17DDB1D2E3C78007A716B /* main.m */; };
		2EB17DDF1D2E3C78007A716B /* AppDelegate.m in Sources */ = {isa = PBXBuildFile; fileRef = 2EB17DDE1D2E3C78007A716B /* AppDelegate.m */; };
		2EB17DE21D2E3C78007A716B /* ViewController.m in Sources */ = {isa = PBXBuildFile; fileRef = 2EB17DE11D2E3C78007A716B /* ViewController.m */; };
		2EB17DE51D2E3C78007A716B /* Main.storyboard in Resources */ = {isa = PBXBuildFile; fileRef = 2EB17DE31D2E3C78007A716B /* Main.storyboard */; };
		2EB17DE71D2E3C78007A716B /* Assets.xcassets in Resources */ = {isa = PBXBuildFile; fileRef = 2EB17DE61D2E3C78007A716B /* Assets.xcassets */; };
		2EB17DEA1D2E3C78007A716B /* LaunchScreen.storyboard in Resources */ = {isa = PBXBuildFile; fileRef = 2EB17DE81D2E3C78007A716B /* LaunchScreen.storyboard */; };
		2EB17DF51D2E3C78007A716B /* MyUIavigationControllerTests.m in Sources */ = {isa = PBXBuildFile; fileRef = 2EB17DF41D2E3C78007A716B /* MyUIavigationControllerTests.m */; };
		2EB17E001D2E3C78007A716B /* MyUIavigationControllerUITests.m in Sources */ = {isa = PBXBuildFile; fileRef = 2EB17DFF1D2E3C78007A716B /* MyUIavigationControllerUITests.m */; };
/* End PBXBuildFile section */

/* Begin PBXContainerItemProxy section */
		2EB17DF11D2E3C78007A716B /* PBXContainerItemProxy */ = {
			isa = PBXContainerItemProxy;
			containerPortal = 2EB17DCF1D2E3C78007A716B /* Project object */;
			proxyType = 1;
			remoteGlobalIDString = 2EB17DD61D2E3C78007A716B;
			remoteInfo = MyUIavigationController;
		};
		2EB17DFC1D2E3C78007A716B /* PBXContainerItemProxy */ = {
			isa = PBXContainerItemProxy;
			containerPortal = 2EB17DCF1D2E3C78007A716B /* Project object */;
			proxyType = 1;
			remoteGlobalIDString = 2EB17DD61D2E3C78007A716B;
			remoteInfo = MyUIavigationController;
		};
/* End PBXContainerItemProxy section */

/* Begin PBXFileReference section */
		2EB17DD71D2E3C78007A716B /* MyUIavigationController.app */ = {isa = PBXFileReference; explicitFileType = wrapper.application; includeInIndex = 0; path = MyUIavigationController.app; sourceTree = BUILT_PRODUCTS_DIR; };
		2EB17DDB1D2E3C78007A716B /* main.m */ = {isa = PBXFileReference; lastKnownFileType = sourcecode.c.objc; path = main.m; sourceTree = "<group>"; };
		2EB17DDD1D2E3C78007A716B /* AppDelegate.h */ = {isa = PBXFileReference; lastKnownFileType = sourcecode.c.h; path = AppDelegate.h; sourceTree = "<group>"; };
		2EB17DDE1D2E3C78007A716B /* AppDelegate.m */ = {isa = PBXFileReference; lastKnownFileType = sourcecode.c.objc; path = AppDelegate.m; sourceTree = "<group>"; };
		2EB17DE01D2E3C78007A716B /* ViewController.h */ = {isa = PBXFileReference; lastKnownFileType = sourcecode.c.h; path = ViewController.h; sourceTree = "<group>"; };
		2EB17DE11D2E3C78007A716B /* ViewController.m */ = {isa = PBXFileReference; lastKnownFileType = sourcecode.c.objc; path = ViewController.m; sourceTree = "<group>"; };
		2EB17DE41D2E3C78007A716B /* Base */ = {isa = PBXFileReference; lastKnownFileType = file.storyboard; name = Base; path = Base.lproj/Main.storyboard; sourceTree = "<group>"; };
		2EB17DE61D2E3C78007A716B /* Assets.xcassets */ = {isa = PBXFileReference; lastKnownFileType = folder.assetcatalog; path = Assets.xcassets; sourceTree = "<group>"; };
		2EB17DE91D2E3C78007A716B /* Base */ = {isa = PBXFileReference; lastKnownFileType = file.storyboard; name = Base; path = Base.lproj/LaunchScreen.storyboard; sourceTree = "<group>"; };
		2EB17DEB1D2E3C78007A716B /* Info.plist */ = {isa = PBXFileReference; lastKnownFileType = text.plist.xml; path = Info.plist; sourceTree = "<group>"; };
		2EB17DF01D2E3C78007A716B /* MyUIavigationControllerTests.xctest */ = {isa = PBXFileReference; explicitFileType = wrapper.cfbundle; includeInIndex = 0; path = MyUIavigationControllerTests.xctest; sourceTree = BUILT_PRODUCTS_DIR; };
		2EB17DF41D2E3C78007A716B /* MyUIavigationControllerTests.m */ = {isa = PBXFileReference; lastKnownFileType = sourcecode.c.objc; path = MyUIavigationControllerTests.m; sourceTree = "<group>"; };
		2EB17DF61D2E3C78007A716B /* Info.plist */ = {isa = PBXFileReference; lastKnownFileType = text.plist.xml; path = Info.plist; sourceTree = "<group>"; };
		2EB17DFB1D2E3C78007A716B /* MyUIavigationControllerUITests.xctest */ = {isa = PBXFileReference; explicitFileType = wrapper.cfbundle; includeInIndex = 0; path = MyUIavigationControllerUITests.xctest; sourceTree = BUILT_PRODUCTS_DIR; };
		2EB17DFF1D2E3C78007A716B /* MyUIavigationControllerUITests.m */ = {isa = PBXFileReference; lastKnownFileType = sourcecode.c.objc; path = MyUIavigationControllerUITests.m; sourceTree = "<group>"; };
		2EB17E011D2E3C78007A716B /* Info.plist */ = {isa = PBXFileReference; lastKnownFileType = text.plist.xml; path = Info.plist; sourceTree = "<group>"; };
/* End PBXFileReference section */

/* Begin PBXFrameworksBuildPhase section */
		2EB17DD41D2E3C78007A716B /* Frameworks */ = {
			isa = PBXFrameworksBuildPhase;
			buildActionMask = 2147483647;
			files = (
			);
			runOnlyForDeploymentPostprocessing = 0;
		};
		2EB17DED1D2E3C78007A716B /* Frameworks */ = {
			isa = PBXFrameworksBuildPhase;
			buildActionMask = 2147483647;
			files = (
			);
			runOnlyForDeploymentPostprocessing = 0;
		};
		2EB17DF81D2E3C78007A716B /* Frameworks */ = {
			isa = PBXFrameworksBuildPhase;
			buildActionMask = 2147483647;
			files = (
			);
			runOnlyForDeploymentPostprocessing = 0;
		};
/* End PBXFrameworksBuildPhase section */

/* Begin PBXGroup section */
		2EB17DCE1D2E3C78007A716B = {
			isa = PBXGroup;
			children = (
				2EB17DD91D2E3C78007A716B /* MyUIavigationController */,
				2EB17DF31D2E3C78007A716B /* MyUIavigationControllerTests */,
				2EB17DFE1D2E3C78007A716B /* MyUIavigationControllerUITests */,
				2EB17DD81D2E3C78007A716B /* Products */,
			);
			sourceTree = "<group>";
		};
		2EB17DD81D2E3C78007A716B /* Products */ = {
			isa = PBXGroup;
			children = (
				2EB17DD71D2E3C78007A716B /* MyUIavigationController.app */,
				2EB17DF01D2E3C78007A716B /* MyUIavigationControllerTests.xctest */,
				2EB17DFB1D2E3C78007A716B /* MyUIavigationControllerUITests.xctest */,
			);
			name = Products;
			sourceTree = "<group>";
		};
		2EB17DD91D2E3C78007A716B /* MyUIavigationController */ = {
			isa = PBXGroup;
			children = (
				2EB17DDD1D2E3C78007A716B /* AppDelegate.h */,
				2EB17DDE1D2E3C78007A716B /* AppDelegate.m */,
				2EB17DE01D2E3C78007A716B /* ViewController.h */,
				2EB17DE11D2E3C78007A716B /* ViewController.m */,
				2EB17DE31D2E3C78007A716B /* Main.storyboard */,
				2EB17DE61D2E3C78007A716B /* Assets.xcassets */,
				2EB17DE81D2E3C78007A716B /* LaunchScreen.storyboard */,
				2EB17DEB1D2E3C78007A716B /* Info.plist */,
				2EB17DDA1D2E3C78007A716B /* Supporting Files */,
			);
			path = MyUIavigationController;
			sourceTree = "<group>";
		};
		2EB17DDA1D2E3C78007A716B /* Supporting Files */ = {
			isa = PBXGroup;
			children = (
				2EB17DDB1D2E3C78007A716B /* main.m */,
			);
			name = "Supporting Files";
			sourceTree = "<group>";
		};
		2EB17DF31D2E3C78007A716B /* MyUIavigationControllerTests */ = {
			isa = PBXGroup;
			children = (
				2EB17DF41D2E3C78007A716B /* MyUIavigationControllerTests.m */,
				2EB17DF61D2E3C78007A716B /* Info.plist */,
			);
			path = MyUIavigationControllerTests;
			sourceTree = "<group>";
		};
		2EB17DFE1D2E3C78007A716B /* MyUIavigationControllerUITests */ = {
			isa = PBXGroup;
			children = (
				2EB17DFF1D2E3C78007A716B /* MyUIavigationControllerUITests.m */,
				2EB17E011D2E3C78007A716B /* Info.plist */,
			);
			path = MyUIavigationControllerUITests;
			sourceTree = "<group>";
		};
/* End PBXGroup section */

/* Begin PBXNativeTarget section */
		2EB17DD61D2E3C78007A716B /* MyUIavigationController */ = {
			isa = PBXNativeTarget;
			buildConfigurationList = 2EB17E041D2E3C78007A716B /* Build configuration list for PBXNativeTarget "MyUIavigationController" */;
			buildPhases = (
				2EB17DD31D2E3C78007A716B /* Sources */,
				2EB17DD41D2E3C78007A716B /* Frameworks */,
				2EB17DD51D2E3C78007A716B /* Resources */,
			);
			buildRules = (
			);
			dependencies = (
			);
			name = MyUIavigationController;
			productName = MyUIavigationController;
			productReference = 2EB17DD71D2E3C78007A716B /* MyUIavigationController.app */;
			productType = "com.apple.product-type.application";
		};
		2EB17DEF1D2E3C78007A716B /* MyUIavigationControllerTests */ = {
			isa = PBXNativeTarget;
			buildConfigurationList = 2EB17E071D2E3C78007A716B /* Build configuration list for PBXNativeTarget "MyUIavigationControllerTests" */;
			buildPhases = (
				2EB17DEC1D2E3C78007A716B /* Sources */,
				2EB17DED1D2E3C78007A716B /* Frameworks */,
				2EB17DEE1D2E3C78007A716B /* Resources */,
			);
			buildRules = (
			);
			dependencies = (
				2EB17DF21D2E3C78007A716B /* PBXTargetDependency */,
			);
			name = MyUIavigationControllerTests;
			productName = MyUIavigationControllerTests;
			productReference = 2EB17DF01D2E3C78007A716B /* MyUIavigationControllerTests.xctest */;
			productType = "com.apple.product-type.bundle.unit-test";
		};
		2EB17DFA1D2E3C78007A716B /* MyUIavigationControllerUITests */ = {
			isa = PBXNativeTarget;
			buildConfigurationList = 2EB17E0A1D2E3C78007A716B /* Build configuration list for PBXNativeTarget "MyUIavigationControllerUITests" */;
			buildPhases = (
				2EB17DF71D2E3C78007A716B /* Sources */,
				2EB17DF81D2E3C78007A716B /* Frameworks */,
				2EB17DF91D2E3C78007A716B /* Resources */,
			);
			buildRules = (
			);
			dependencies = (
				2EB17DFD1D2E3C78007A716B /* PBXTargetDependency */,
			);
			name = MyUIavigationControllerUITests;
			productName = MyUIavigationControllerUITests;
			productReference = 2EB17DFB1D2E3C78007A716B /* MyUIavigationControllerUITests.xctest */;
			productType = "com.apple.product-type.bundle.ui-testing";
		};
/* End PBXNativeTarget section */

/* Begin PBXProject section */
		2EB17DCF1D2E3C78007A716B /* Project object */ = {
			isa = PBXProject;
			attributes = {
				LastUpgradeCheck = 0730;
				ORGANIZATIONNAME = jikexueyuan;
				TargetAttributes = {
					2EB17DD61D2E3C78007A716B = {
						CreatedOnToolsVersion = 7.3;
					};
					2EB17DEF1D2E3C78007A716B = {
						CreatedOnToolsVersion = 7.3;
						TestTargetID = 2EB17DD61D2E3C78007A716B;
					};
					2EB17DFA1D2E3C78007A716B = {
						CreatedOnToolsVersion = 7.3;
						TestTargetID = 2EB17DD61D2E3C78007A716B;
					};
				};
			};
			buildConfigurationList = 2EB17DD21D2E3C78007A716B /* Build configuration list for PBXProject "MyUIavigationController" */;
			compatibilityVersion = "Xcode 3.2";
			developmentRegion = English;
			hasScannedForEncodings = 0;
			knownRegions = (
				en,
				Base,
			);
			mainGroup = 2EB17DCE1D2E3C78007A716B;
			productRefGroup = 2EB17DD81D2E3C78007A716B /* Products */;
			projectDirPath = "";
			projectRoot = "";
			targets = (
				2EB17DD61D2E3C78007A716B /* MyUIavigationController */,
				2EB17DEF1D2E3C78007A716B /* MyUIavigationControllerTests */,
				2EB17DFA1D2E3C78007A716B /* MyUIavigationControllerUITests */,
			);
		};
/* End PBXProject section */

/* Begin PBXResourcesBuildPhase section */
		2EB17DD51D2E3C78007A716B /* Resources */ = {
			isa = PBXResourcesBuildPhase;
			buildActionMask = 2147483647;
			files = (
				2EB17DEA1D2E3C78007A716B /* LaunchScreen.storyboard in Resources */,
				2EB17DE71D2E3C78007A716B /* Assets.xcassets in Resources */,
				2EB17DE51D2E3C78007A716B /* Main.storyboard in Resources */,
			);
			runOnlyForDeploymentPostprocessing = 0;
		};
		2EB17DEE1D2E3C78007A716B /* Resources */ = {
			isa = PBXResourcesBuildPhase;
			buildActionMask = 2147483647;
			files = (
			);
			runOnlyForDeploymentPostprocessing = 0;
		};
		2EB17DF91D2E3C78007A716B /* Resources */ = {
			isa = PBXResourcesBuildPhase;
			buildActionMask = 2147483647;
			files = (
			);
			runOnlyForDeploymentPostprocessing = 0;
		};
/* End PBXResourcesBuildPhase section */

/* Begin PBXSourcesBuildPhase section */
		2EB17DD31D2E3C78007A716B /* Sources */ = {
			isa = PBXSourcesBuildPhase;
			buildActionMask = 2147483647;
			files = (
				2EB17DE21D2E3C78007A716B /* ViewController.m in Sources */,
				2EB17DDF1D2E3C78007A716B /* AppDelegate.m in Sources */,
				2EB17DDC1D2E3C78007A716B /* main.m in Sources */,
			);
			runOnlyForDeploymentPostprocessing = 0;
		};
		2EB17DEC1D2E3C78007A716B /* Sources */ = {
			isa = PBXSourcesBuildPhase;
			buildActionMask = 2147483647;
			files = (
				2EB17DF51D2E3C78007A716B /* MyUIavigationControllerTests.m in Sources */,
			);
			runOnlyForDeploymentPostprocessing = 0;
		};
		2EB17DF71D2E3C78007A716B /* Sources */ = {
			isa = PBXSourcesBuildPhase;
			buildActionMask = 2147483647;
			files = (
				2EB17E001D2E3C78007A716B /* MyUIavigationControllerUITests.m in Sources */,
			);
			runOnlyForDeploymentPostprocessing = 0;
		};
/* End PBXSourcesBuildPhase section */

/* Begin PBXTargetDependency section */
		2EB17DF21D2E3C78007A716B /* PBXTargetDependency */ = {
			isa = PBXTargetDependency;
			target = 2EB17DD61D2E3C78007A716B /* MyUIavigationController */;
			targetProxy = 2EB17DF11D2E3C78007A716B /* PBXContainerItemProxy */;
		};
		2EB17DFD1D2E3C78007A716B /* PBXTargetDependency */ = {
			isa = PBXTargetDependency;
			target = 2EB17DD61D2E3C78007A716B /* MyUIavigationController */;
			targetProxy = 2EB17DFC1D2E3C78007A716B /* PBXContainerItemProxy */;
		};
/* End PBXTargetDependency section */

/* Begin PBXVariantGroup section */
		2EB17DE31D2E3C78007A716B /* Main.storyboard */ = {
			isa = PBXVariantGroup;
			children = (
				2EB17DE41D2E3C78007A716B /* Base */,
			);
			name = Main.storyboard;
			sourceTree = "<group>";
		};
		2EB17DE81D2E3C78007A716B /* LaunchScreen.storyboard */ = {
			isa = PBXVariantGroup;
			children = (
				2EB17DE91D2E3C78007A716B /* Base */,
			);
			name = LaunchScreen.storyboard;
			sourceTree = "<group>";
		};
/* End PBXVariantGroup section */

/* Begin XCBuildConfiguration section */
		2EB17E021D2E3C78007A716B /* Debug */ = {
			isa = XCBuildConfiguration;
			buildSettings = {
				ALWAYS_SEARCH_USER_PATHS = NO;
				CLANG_ANALYZER_NONNULL = YES;
				CLANG_CXX_LANGUAGE_STANDARD = "gnu++0x";
				CLANG_CXX_LIBRARY = "libc++";
				CLANG_ENABLE_MODULES = YES;
				CLANG_ENABLE_OBJC_ARC = YES;
				CLANG_WARN_BOOL_CONVERSION = YES;
				CLANG_WARN_CONSTANT_CONVERSION = YES;
				CLANG_WARN_DIRECT_OBJC_ISA_USAGE = YES_ERROR;
				CLANG_WARN_EMPTY_BODY = YES;
				CLANG_WARN_ENUM_CONVERSION = YES;
				CLANG_WARN_INT_CONVERSION = YES;
				CLANG_WARN_OBJC_ROOT_CLASS = YES_ERROR;
				CLANG_WARN_UNREACHABLE_CODE = YES;
				CLANG_WARN__DUPLICATE_METHOD_MATCH = YES;
				"CODE_SIGN_IDENTITY[sdk=iphoneos*]" = "iPhone Developer";
				COPY_PHASE_STRIP = NO;
				DEBUG_INFORMATION_FORMAT = dwarf;
				ENABLE_STRICT_OBJC_MSGSEND = YES;
				ENABLE_TESTABILITY = YES;
				GCC_C_LANGUAGE_STANDARD = gnu99;
				GCC_DYNAMIC_NO_PIC = NO;
				GCC_NO_COMMON_BLOCKS = YES;
				GCC_OPTIMIZATION_LEVEL = 0;
				GCC_PREPROCESSOR_DEFINITIONS = (
					"DEBUG=1",
					"$(inherited)",
				);
				GCC_WARN_64_TO_32_BIT_CONVERSION = YES;
				GCC_WARN_ABOUT_RETURN_TYPE = YES_ERROR;
				GCC_WARN_UNDECLARED_SELECTOR = YES;
				GCC_WARN_UNINITIALIZED_AUTOS = YES_AGGRESSIVE;
				GCC_WARN_UNUSED_FUNCTION = YES;
				GCC_WARN_UNUSED_VARIABLE = YES;
				IPHONEOS_DEPLOYMENT_TARGET = 9.3;
				MTL_ENABLE_DEBUG_INFO = YES;
				ONLY_ACTIVE_ARCH = YES;
				SDKROOT = iphoneos;
				TARGETED_DEVICE_FAMILY = "1,2";
			};
			name = Debug;
		};
		2EB17E031D2E3C78007A716B /* Release */ = {
			isa = XCBuildConfiguration;
			buildSettings = {
				ALWAYS_SEARCH_USER_PATHS = NO;
				CLANG_ANALYZER_NONNULL = YES;
				CLANG_CXX_LANGUAGE_STANDARD = "gnu++0x";
				CLANG_CXX_LIBRARY = "libc++";
				CLANG_ENABLE_MODULES = YES;
				CLANG_ENABLE_OBJC_ARC = YES;
				CLANG_WARN_BOOL_CONVERSION = YES;
				CLANG_WARN_CONSTANT_CONVERSION = YES;
				CLANG_WARN_DIRECT_OBJC_ISA_USAGE = YES_ERROR;
				CLANG_WARN_EMPTY_BODY = YES;
				CLANG_WARN_ENUM_CONVERSION = YES;
				CLANG_WARN_INT_CONVERSION = YES;
				CLANG_WARN_OBJC_ROOT_CLASS = YES_ERROR;
				CLANG_WARN_UNREACHABLE_CODE = YES;
				CLANG_WARN__DUPLICATE_METHOD_MATCH = YES;
				"CODE_SIGN_IDENTITY[sdk=iphoneos*]" = "iPhone Developer";
				COPY_PHASE_STRIP = NO;
				DEBUG_INFORMATION_FORMAT = "dwarf-with-dsym";
				ENABLE_NS_ASSERTIONS = NO;
				ENABLE_STRICT_OBJC_MSGSEND = YES;
				GCC_C_LANGUAGE_STANDARD = gnu99;
				GCC_NO_COMMON_BLOCKS = YES;
				GCC_WARN_64_TO_32_BIT_CONVERSION = YES;
				GCC_WARN_ABOUT_RETURN_TYPE = YES_ERROR;
				GCC_WARN_UNDECLARED_SELECTOR = YES;
				GCC_WARN_UNINITIALIZED_AUTOS = YES_AGGRESSIVE;
				GCC_WARN_UNUSED_FUNCTION = YES;
				GCC_WARN_UNUSED_VARIABLE = YES;
				IPHONEOS_DEPLOYMENT_TARGET = 9.3;
				MTL_ENABLE_DEBUG_INFO = NO;
				SDKROOT = iphoneos;
				TARGETED_DEVICE_FAMILY = "1,2";
				VALIDATE_PRODUCT = YES;
			};
			name = Release;
		};
		2EB17E051D2E3C78007A716B /* Debug */ = {
			isa = XCBuildConfiguration;
			buildSettings = {
				ASSETCATALOG_COMPILER_APPICON_NAME = AppIcon;
				INFOPLIST_FILE = MyUIavigationController/Info.plist;
				LD_RUNPATH_SEARCH_PATHS = "$(inherited) @executable_path/Frameworks";
				PRODUCT_BUNDLE_IDENTIFIER = com.jikeyueyuan.MyUIavigationController;
				PRODUCT_NAME = "$(TARGET_NAME)";
			};
			name = Debug;
		};
		2EB17E061D2E3C78007A716B /* Release */ = {
			isa = XCBuildConfiguration;
			buildSettings = {
				ASSETCATALOG_COMPILER_APPICON_NAME = AppIcon;
				INFOPLIST_FILE = MyUIavigationController/Info.plist;
				LD_RUNPATH_SEARCH_PATHS = "$(inherited) @executable_path/Frameworks";
				PRODUCT_BUNDLE_IDENTIFIER = com.jikeyueyuan.MyUIavigationController;
				PRODUCT_NAME = "$(TARGET_NAME)";
			};
			name = Release;
		};
		2EB17E081D2E3C78007A716B /* Debug */ = {
			isa = XCBuildConfiguration;
			buildSettings = {
				BUNDLE_LOADER = "$(TEST_HOST)";
				INFOPLIST_FILE = MyUIavigationControllerTests/Info.plist;
				LD_RUNPATH_SEARCH_PATHS = "$(inherited) @executable_path/Frameworks @loader_path/Frameworks";
				PRODUCT_BUNDLE_IDENTIFIER = com.jikeyueyuan.MyUIavigationControllerTests;
				PRODUCT_NAME = "$(TARGET_NAME)";
				TEST_HOST = "$(BUILT_PRODUCTS_DIR)/MyUIavigationController.app/MyUIavigationController";
			};
			name = Debug;
		};
		2EB17E091D2E3C78007A716B /* Release */ = {
			isa = XCBuildConfiguration;
			buildSettings = {
				BUNDLE_LOADER = "$(TEST_HOST)";
				INFOPLIST_FILE = MyUIavigationControllerTests/Info.plist;
				LD_RUNPATH_SEARCH_PATHS = "$(inherited) @executable_path/Frameworks @loader_path/Frameworks";
				PRODUCT_BUNDLE_IDENTIFIER = com.jikeyueyuan.MyUIavigationControllerTests;
				PRODUCT_NAME = "$(TARGET_NAME)";
				TEST_HOST = "$(BUILT_PRODUCTS_DIR)/MyUIavigationController.app/MyUIavigationController";
			};
			name = Release;
		};
		2EB17E0B1D2E3C78007A716B /* Debug */ = {
			isa = XCBuildConfiguration;
			buildSettings = {
				INFOPLIST_FILE = MyUIavigationControllerUITests/Info.plist;
				LD_RUNPATH_SEARCH_PATHS = "$(inherited) @executable_path/Frameworks @loader_path/Frameworks";
				PRODUCT_BUNDLE_IDENTIFIER = com.jikeyueyuan.MyUIavigationControllerUITests;
				PRODUCT_NAME = "$(TARGET_NAME)";
				TEST_TARGET_NAME = MyUIavigationController;
			};
			name = Debug;
		};
		2EB17E0C1D2E3C78007A716B /* Release */ = {
			isa = XCBuildConfiguration;
			buildSettings = {
				INFOPLIST_FILE = MyUIavigationControllerUITests/Info.plist;
				LD_RUNPATH_SEARCH_PATHS = "$(inherited) @executable_path/Frameworks @loader_path/Frameworks";
				PRODUCT_BUNDLE_IDENTIFIER = com.jikeyueyuan.MyUIavigationControllerUITests;
				PRODUCT_NAME = "$(TARGET_NAME)";
				TEST_TARGET_NAME = MyUIavigationController;
			};
			name = Release;
		};
/* End XCBuildConfiguration section */

/* Begin XCConfigurationList section */
		2EB17DD21D2E3C78007A716B /* Build configuration list for PBXProject "MyUIavigationController" */ = {
			isa = XCConfigurationList;
			buildConfigurations = (
				2EB17E021D2E3C78007A716B /* Debug */,
				2EB17E031D2E3C78007A716B /* Release */,
			);
			defaultConfigurationIsVisible = 0;
			defaultConfigurationName = Release;
		};
		2EB17E041D2E3C78007A716B /* Build configuration list for PBXNativeTarget "MyUIavigationController" */ = {
			isa = XCConfigurationList;
			buildConfigurations = (
				2EB17E051D2E3C78007A716B /* Debug */,
				2EB17E061D2E3C78007A716B /* Release */,
			);
			defaultConfigurationIsVisible = 0;
		};
		2EB17E071D2E3C78007A716B /* Build configuration list for PBXNativeTarget "MyUIavigationControllerTests" */ = {
			isa = XCConfigurationList;
			buildConfigurations = (
				2EB17E081D2E3C78007A716B /* Debug */,
				2EB17E091D2E3C78007A716B /* Release */,
			);
			defaultConfigurationIsVisible = 0;
		};
		2EB17E0A1D2E3C78007A716B /* Build configuration list for PBXNativeTarget "MyUIavigationControllerUITests" */ = {
			isa = XCConfigurationList;
			buildConfigurations = (
				2EB17E0B1D2E3C78007A716B /* Debug */,
				2EB17E0C1D2E3C78007A716B /* Release */,
			);
			defaultConfigurationIsVisible = 0;
		};
/* End XCConfigurationList section */
	};
	rootObject = 2EB17DCF1D2E3C78007A716B /* Project object */;
}
